// !$*UTF8*$!
{
	archiveVersion = 1;
	classes = {
	};
	objectVersion = 46;
	objects = {

/* Begin PBXBuildFile section */
		E54853041982082A00868C2A /* DRHPottingHistoryItem.m in Sources */ = {isa = PBXBuildFile; fileRef = E54853031982082A00868C2A /* DRHPottingHistoryItem.m */; };
		E553980C197F676A00E4A10B /* toDo.rtf in Resources */ = {isa = PBXBuildFile; fileRef = E553980B197F676A00E4A10B /* toDo.rtf */; };
		E553980F197F681800E4A10B /* LICENSE.md in Resources */ = {isa = PBXBuildFile; fileRef = E553980D197F681800E4A10B /* LICENSE.md */; };
		E5539810197F681800E4A10B /* README.md in Resources */ = {isa = PBXBuildFile; fileRef = E553980E197F681800E4A10B /* README.md */; };
		E579C5C9198B3F7F00F692C4 /* DRHGalleryItem.m in Sources */ = {isa = PBXBuildFile; fileRef = E579C5C8198B3F7F00F692C4 /* DRHGalleryItem.m */; };
		E5939B521977709000E4082E /* DRHSecateurEditingViewController.m in Sources */ = {isa = PBXBuildFile; fileRef = E5939B501977709000E4082E /* DRHSecateurEditingViewController.m */; };
		E5939B531977709000E4082E /* DRHSecateurEditingView.xib in Resources */ = {isa = PBXBuildFile; fileRef = E5939B511977709000E4082E /* DRHSecateurEditingView.xib */; };
		E5939B57197775AE00E4082E /* DRHSecateurDisplayViewController.m in Sources */ = {isa = PBXBuildFile; fileRef = E5939B55197775AE00E4082E /* DRHSecateurDisplayViewController.m */; };
		E5939B58197775AE00E4082E /* DRHSecateurDisplayView.xib in Resources */ = {isa = PBXBuildFile; fileRef = E5939B56197775AE00E4082E /* DRHSecateurDisplayView.xib */; };
		E5B6B8F419907CAD00D46FBA /* DRHSecateurDisplayView.m in Sources */ = {isa = PBXBuildFile; fileRef = E5B6B8F319907CAD00D46FBA /* DRHSecateurDisplayView.m */; };
		E5B6B8F71990881700D46FBA /* DRHSecateurDelegate.m in Sources */ = {isa = PBXBuildFile; fileRef = E5B6B8F61990881700D46FBA /* DRHSecateurDelegate.m */; };
		E5BD7FD61973899F00A45D30 /* Cocoa.framework in Frameworks */ = {isa = PBXBuildFile; fileRef = E5BD7FD51973899F00A45D30 /* Cocoa.framework */; };
		E5BD7FE01973899F00A45D30 /* InfoPlist.strings in Resources */ = {isa = PBXBuildFile; fileRef = E5BD7FDE1973899F00A45D30 /* InfoPlist.strings */; };
		E5BD7FE21973899F00A45D30 /* main.m in Sources */ = {isa = PBXBuildFile; fileRef = E5BD7FE11973899F00A45D30 /* main.m */; };
		E5BD7FE61973899F00A45D30 /* Credits.rtf in Resources */ = {isa = PBXBuildFile; fileRef = E5BD7FE41973899F00A45D30 /* Credits.rtf */; };
		E5BD7FE91973899F00A45D30 /* DRHSecateurDocument.m in Sources */ = {isa = PBXBuildFile; fileRef = E5BD7FE81973899F00A45D30 /* DRHSecateurDocument.m */; };
		E5BD7FEC1973899F00A45D30 /* DRHSecateurDocument.xib in Resources */ = {isa = PBXBuildFile; fileRef = E5BD7FEA1973899F00A45D30 /* DRHSecateurDocument.xib */; };
		E5BD7FEF1973899F00A45D30 /* MainMenu.xib in Resources */ = {isa = PBXBuildFile; fileRef = E5BD7FED1973899F00A45D30 /* MainMenu.xib */; };
		E5BD7FF11973899F00A45D30 /* Images.xcassets in Resources */ = {isa = PBXBuildFile; fileRef = E5BD7FF01973899F00A45D30 /* Images.xcassets */; };
		E5BD7FF81973899F00A45D30 /* XCTest.framework in Frameworks */ = {isa = PBXBuildFile; fileRef = E5BD7FF71973899F00A45D30 /* XCTest.framework */; };
		E5BD7FF91973899F00A45D30 /* Cocoa.framework in Frameworks */ = {isa = PBXBuildFile; fileRef = E5BD7FD51973899F00A45D30 /* Cocoa.framework */; };
		E5BD80011973899F00A45D30 /* InfoPlist.strings in Resources */ = {isa = PBXBuildFile; fileRef = E5BD7FFF1973899F00A45D30 /* InfoPlist.strings */; };
		E5BD80031973899F00A45D30 /* SecateurTests.m in Sources */ = {isa = PBXBuildFile; fileRef = E5BD80021973899F00A45D30 /* SecateurTests.m */; };
		E5C7B6A91974CF52009EB09B /* DRHSecateurTree.m in Sources */ = {isa = PBXBuildFile; fileRef = E5C7B6A81974CF52009EB09B /* DRHSecateurTree.m */; };
/* End PBXBuildFile section */

/* Begin PBXContainerItemProxy section */
		E5BD7FFA1973899F00A45D30 /* PBXContainerItemProxy */ = {
			isa = PBXContainerItemProxy;
			containerPortal = E5BD7FCA1973899F00A45D30 /* Project object */;
			proxyType = 1;
			remoteGlobalIDString = E5BD7FD11973899F00A45D30;
			remoteInfo = Secateur;
		};
/* End PBXContainerItemProxy section */

/* Begin PBXFileReference section */
		E54853021982082A00868C2A /* DRHPottingHistoryItem.h */ = {isa = PBXFileReference; fileEncoding = 4; lastKnownFileType = sourcecode.c.h; path = DRHPottingHistoryItem.h; sourceTree = "<group>"; };
		E54853031982082A00868C2A /* DRHPottingHistoryItem.m */ = {isa = PBXFileReference; fileEncoding = 4; lastKnownFileType = sourcecode.c.objc; path = DRHPottingHistoryItem.m; sourceTree = "<group>"; };
		E553980B197F676A00E4A10B /* toDo.rtf */ = {isa = PBXFileReference; fileEncoding = 4; lastKnownFileType = text.rtf; name = toDo.rtf; path = Secateur/toDo.rtf; sourceTree = "<group>"; };
		E553980D197F681800E4A10B /* LICENSE.md */ = {isa = PBXFileReference; fileEncoding = 4; lastKnownFileType = text; name = LICENSE.md; path = ../LICENSE.md; sourceTree = "<group>"; };
		E553980E197F681800E4A10B /* README.md */ = {isa = PBXFileReference; fileEncoding = 4; lastKnownFileType = text; name = README.md; path = ../README.md; sourceTree = "<group>"; };
		E579C5C7198B3F7F00F692C4 /* DRHGalleryItem.h */ = {isa = PBXFileReference; fileEncoding = 4; lastKnownFileType = sourcecode.c.h; path = DRHGalleryItem.h; sourceTree = "<group>"; };
		E579C5C8198B3F7F00F692C4 /* DRHGalleryItem.m */ = {isa = PBXFileReference; fileEncoding = 4; lastKnownFileType = sourcecode.c.objc; path = DRHGalleryItem.m; sourceTree = "<group>"; };
		E5939B4F1977709000E4082E /* DRHSecateurEditingViewController.h */ = {isa = PBXFileReference; fileEncoding = 4; lastKnownFileType = sourcecode.c.h; path = DRHSecateurEditingViewController.h; sourceTree = "<group>"; };
		E5939B501977709000E4082E /* DRHSecateurEditingViewController.m */ = {isa = PBXFileReference; fileEncoding = 4; lastKnownFileType = sourcecode.c.objc; path = DRHSecateurEditingViewController.m; sourceTree = "<group>"; };
		E5939B511977709000E4082E /* DRHSecateurEditingView.xib */ = {isa = PBXFileReference; fileEncoding = 4; lastKnownFileType = file.xib; path = DRHSecateurEditingView.xib; sourceTree = "<group>"; };
		E5939B54197775AE00E4082E /* DRHSecateurDisplayViewController.h */ = {isa = PBXFileReference; fileEncoding = 4; lastKnownFileType = sourcecode.c.h; path = DRHSecateurDisplayViewController.h; sourceTree = "<group>"; };
		E5939B55197775AE00E4082E /* DRHSecateurDisplayViewController.m */ = {isa = PBXFileReference; fileEncoding = 4; lastKnownFileType = sourcecode.c.objc; path = DRHSecateurDisplayViewController.m; sourceTree = "<group>"; };
		E5939B56197775AE00E4082E /* DRHSecateurDisplayView.xib */ = {isa = PBXFileReference; fileEncoding = 4; lastKnownFileType = file.xib; path = DRHSecateurDisplayView.xib; sourceTree = "<group>"; };
		E5B6B8F219907CAD00D46FBA /* DRHSecateurDisplayView.h */ = {isa = PBXFileReference; fileEncoding = 4; lastKnownFileType = sourcecode.c.h; path = DRHSecateurDisplayView.h; sourceTree = "<group>"; };
		E5B6B8F319907CAD00D46FBA /* DRHSecateurDisplayView.m */ = {isa = PBXFileReference; fileEncoding = 4; lastKnownFileType = sourcecode.c.objc; path = DRHSecateurDisplayView.m; sourceTree = "<group>"; };
		E5B6B8F51990881700D46FBA /* DRHSecateurDelegate.h */ = {isa = PBXFileReference; fileEncoding = 4; lastKnownFileType = sourcecode.c.h; path = DRHSecateurDelegate.h; sourceTree = "<group>"; };
		E5B6B8F61990881700D46FBA /* DRHSecateurDelegate.m */ = {isa = PBXFileReference; fileEncoding = 4; lastKnownFileType = sourcecode.c.objc; path = DRHSecateurDelegate.m; sourceTree = "<group>"; };
		E5BD7FD21973899F00A45D30 /* Secateur.app */ = {isa = PBXFileReference; explicitFileType = wrapper.application; includeInIndex = 0; path = Secateur.app; sourceTree = BUILT_PRODUCTS_DIR; };
		E5BD7FD51973899F00A45D30 /* Cocoa.framework */ = {isa = PBXFileReference; lastKnownFileType = wrapper.framework; name = Cocoa.framework; path = System/Library/Frameworks/Cocoa.framework; sourceTree = SDKROOT; };
		E5BD7FD81973899F00A45D30 /* AppKit.framework */ = {isa = PBXFileReference; lastKnownFileType = wrapper.framework; name = AppKit.framework; path = System/Library/Frameworks/AppKit.framework; sourceTree = SDKROOT; };
		E5BD7FD91973899F00A45D30 /* CoreData.framework */ = {isa = PBXFileReference; lastKnownFileType = wrapper.framework; name = CoreData.framework; path = System/Library/Frameworks/CoreData.framework; sourceTree = SDKROOT; };
		E5BD7FDA1973899F00A45D30 /* Foundation.framework */ = {isa = PBXFileReference; lastKnownFileType = wrapper.framework; name = Foundation.framework; path = System/Library/Frameworks/Foundation.framework; sourceTree = SDKROOT; };
		E5BD7FDD1973899F00A45D30 /* Secateur-Info.plist */ = {isa = PBXFileReference; lastKnownFileType = text.plist.xml; path = "Secateur-Info.plist"; sourceTree = "<group>"; };
		E5BD7FDF1973899F00A45D30 /* en */ = {isa = PBXFileReference; lastKnownFileType = text.plist.strings; name = en; path = en.lproj/InfoPlist.strings; sourceTree = "<group>"; };
		E5BD7FE11973899F00A45D30 /* main.m */ = {isa = PBXFileReference; lastKnownFileType = sourcecode.c.objc; path = main.m; sourceTree = "<group>"; };
		E5BD7FE31973899F00A45D30 /* Secateur-Prefix.pch */ = {isa = PBXFileReference; lastKnownFileType = sourcecode.c.h; path = "Secateur-Prefix.pch"; sourceTree = "<group>"; };
		E5BD7FE51973899F00A45D30 /* en */ = {isa = PBXFileReference; lastKnownFileType = text.rtf; name = en; path = en.lproj/Credits.rtf; sourceTree = "<group>"; };
		E5BD7FE71973899F00A45D30 /* DRHSecateurDocument.h */ = {isa = PBXFileReference; lastKnownFileType = sourcecode.c.h; path = DRHSecateurDocument.h; sourceTree = "<group>"; };
		E5BD7FE81973899F00A45D30 /* DRHSecateurDocument.m */ = {isa = PBXFileReference; lastKnownFileType = sourcecode.c.objc; path = DRHSecateurDocument.m; sourceTree = "<group>"; };
		E5BD7FEB1973899F00A45D30 /* Base */ = {isa = PBXFileReference; lastKnownFileType = file.xib; name = Base; path = Base.lproj/DRHSecateurDocument.xib; sourceTree = "<group>"; };
		E5BD7FEE1973899F00A45D30 /* Base */ = {isa = PBXFileReference; lastKnownFileType = file.xib; name = Base; path = Base.lproj/MainMenu.xib; sourceTree = "<group>"; };
		E5BD7FF01973899F00A45D30 /* Images.xcassets */ = {isa = PBXFileReference; lastKnownFileType = folder.assetcatalog; path = Images.xcassets; sourceTree = "<group>"; };
		E5BD7FF61973899F00A45D30 /* SecateurTests.xctest */ = {isa = PBXFileReference; explicitFileType = wrapper.cfbundle; includeInIndex = 0; path = SecateurTests.xctest; sourceTree = BUILT_PRODUCTS_DIR; };
		E5BD7FF71973899F00A45D30 /* XCTest.framework */ = {isa = PBXFileReference; lastKnownFileType = wrapper.framework; name = XCTest.framework; path = Library/Frameworks/XCTest.framework; sourceTree = DEVELOPER_DIR; };
		E5BD7FFE1973899F00A45D30 /* SecateurTests-Info.plist */ = {isa = PBXFileReference; lastKnownFileType = text.plist.xml; path = "SecateurTests-Info.plist"; sourceTree = "<group>"; };
		E5BD80001973899F00A45D30 /* en */ = {isa = PBXFileReference; lastKnownFileType = text.plist.strings; name = en; path = en.lproj/InfoPlist.strings; sourceTree = "<group>"; };
		E5BD80021973899F00A45D30 /* SecateurTests.m */ = {isa = PBXFileReference; lastKnownFileType = sourcecode.c.objc; path = SecateurTests.m; sourceTree = "<group>"; };
		E5C7B6A71974CF52009EB09B /* DRHSecateurTree.h */ = {isa = PBXFileReference; fileEncoding = 4; lastKnownFileType = sourcecode.c.h; path = DRHSecateurTree.h; sourceTree = "<group>"; };
		E5C7B6A81974CF52009EB09B /* DRHSecateurTree.m */ = {isa = PBXFileReference; fileEncoding = 4; lastKnownFileType = sourcecode.c.objc; path = DRHSecateurTree.m; sourceTree = "<group>"; };
/* End PBXFileReference section */

/* Begin PBXFrameworksBuildPhase section */
		E5BD7FCF1973899F00A45D30 /* Frameworks */ = {
			isa = PBXFrameworksBuildPhase;
			buildActionMask = 2147483647;
			files = (
				E5BD7FD61973899F00A45D30 /* Cocoa.framework in Frameworks */,
			);
			runOnlyForDeploymentPostprocessing = 0;
		};
		E5BD7FF31973899F00A45D30 /* Frameworks */ = {
			isa = PBXFrameworksBuildPhase;
			buildActionMask = 2147483647;
			files = (
				E5BD7FF91973899F00A45D30 /* Cocoa.framework in Frameworks */,
				E5BD7FF81973899F00A45D30 /* XCTest.framework in Frameworks */,
			);
			runOnlyForDeploymentPostprocessing = 0;
		};
/* End PBXFrameworksBuildPhase section */

/* Begin PBXGroup section */
		E5BD7FC91973899F00A45D30 = {
			isa = PBXGroup;
			children = (
				E553980B197F676A00E4A10B /* toDo.rtf */,
				E5BD7FDB1973899F00A45D30 /* Secateur */,
				E5BD7FFC1973899F00A45D30 /* SecateurTests */,
				E5BD7FD41973899F00A45D30 /* Frameworks */,
				E5BD7FD31973899F00A45D30 /* Products */,
			);
			sourceTree = "<group>";
		};
		E5BD7FD31973899F00A45D30 /* Products */ = {
			isa = PBXGroup;
			children = (
				E5BD7FD21973899F00A45D30 /* Secateur.app */,
				E5BD7FF61973899F00A45D30 /* SecateurTests.xctest */,
			);
			name = Products;
			sourceTree = "<group>";
		};
		E5BD7FD41973899F00A45D30 /* Frameworks */ = {
			isa = PBXGroup;
			children = (
				E5BD7FD51973899F00A45D30 /* Cocoa.framework */,
				E5BD7FF71973899F00A45D30 /* XCTest.framework */,
				E5BD7FD71973899F00A45D30 /* Other Frameworks */,
			);
			name = Frameworks;
			sourceTree = "<group>";
		};
		E5BD7FD71973899F00A45D30 /* Other Frameworks */ = {
			isa = PBXGroup;
			children = (
				E5BD7FD81973899F00A45D30 /* AppKit.framework */,
				E5BD7FD91973899F00A45D30 /* CoreData.framework */,
				E5BD7FDA1973899F00A45D30 /* Foundation.framework */,
			);
			name = "Other Frameworks";
			sourceTree = "<group>";
		};
		E5BD7FDB1973899F00A45D30 /* Secateur */ = {
			isa = PBXGroup;
			children = (
				E54853021982082A00868C2A /* DRHPottingHistoryItem.h */,
				E54853031982082A00868C2A /* DRHPottingHistoryItem.m */,
				E579C5C7198B3F7F00F692C4 /* DRHGalleryItem.h */,
				E579C5C8198B3F7F00F692C4 /* DRHGalleryItem.m */,
				E5C7B6A71974CF52009EB09B /* DRHSecateurTree.h */,
				E5C7B6A81974CF52009EB09B /* DRHSecateurTree.m */,
				E5BD7FE71973899F00A45D30 /* DRHSecateurDocument.h */,
				E5BD7FE81973899F00A45D30 /* DRHSecateurDocument.m */,
				E5BD7FEA1973899F00A45D30 /* DRHSecateurDocument.xib */,
				E5939B4F1977709000E4082E /* DRHSecateurEditingViewController.h */,
				E5939B501977709000E4082E /* DRHSecateurEditingViewController.m */,
				E5939B511977709000E4082E /* DRHSecateurEditingView.xib */,
				E5939B54197775AE00E4082E /* DRHSecateurDisplayViewController.h */,
				E5939B55197775AE00E4082E /* DRHSecateurDisplayViewController.m */,
				E5B6B8F219907CAD00D46FBA /* DRHSecateurDisplayView.h */,
				E5B6B8F319907CAD00D46FBA /* DRHSecateurDisplayView.m */,
				E5939B56197775AE00E4082E /* DRHSecateurDisplayView.xib */,
				E5B6B8F51990881700D46FBA /* DRHSecateurDelegate.h */,
				E5B6B8F61990881700D46FBA /* DRHSecateurDelegate.m */,
				E5BD7FED1973899F00A45D30 /* MainMenu.xib */,
				E5BD7FF01973899F00A45D30 /* Images.xcassets */,
				E5BD7FDC1973899F00A45D30 /* Supporting Files */,
			);
			path = Secateur;
			sourceTree = "<group>";
		};
		E5BD7FDC1973899F00A45D30 /* Supporting Files */ = {
			isa = PBXGroup;
			children = (
				E553980D197F681800E4A10B /* LICENSE.md */,
				E553980E197F681800E4A10B /* README.md */,
				E5BD7FDD1973899F00A45D30 /* Secateur-Info.plist */,
				E5BD7FDE1973899F00A45D30 /* InfoPlist.strings */,
				E5BD7FE11973899F00A45D30 /* main.m */,
				E5BD7FE31973899F00A45D30 /* Secateur-Prefix.pch */,
				E5BD7FE41973899F00A45D30 /* Credits.rtf */,
			);
			name = "Supporting Files";
			sourceTree = "<group>";
		};
		E5BD7FFC1973899F00A45D30 /* SecateurTests */ = {
			isa = PBXGroup;
			children = (
				E5BD80021973899F00A45D30 /* SecateurTests.m */,
				E5BD7FFD1973899F00A45D30 /* Supporting Files */,
			);
			path = SecateurTests;
			sourceTree = "<group>";
		};
		E5BD7FFD1973899F00A45D30 /* Supporting Files */ = {
			isa = PBXGroup;
			children = (
				E5BD7FFE1973899F00A45D30 /* SecateurTests-Info.plist */,
				E5BD7FFF1973899F00A45D30 /* InfoPlist.strings */,
			);
			name = "Supporting Files";
			sourceTree = "<group>";
		};
/* End PBXGroup section */

/* Begin PBXNativeTarget section */
		E5BD7FD11973899F00A45D30 /* Secateur */ = {
			isa = PBXNativeTarget;
			buildConfigurationList = E5BD80061973899F00A45D30 /* Build configuration list for PBXNativeTarget "Secateur" */;
			buildPhases = (
				E5BD7FCE1973899F00A45D30 /* Sources */,
				E5BD7FCF1973899F00A45D30 /* Frameworks */,
				E5BD7FD01973899F00A45D30 /* Resources */,
			);
			buildRules = (
			);
			dependencies = (
			);
			name = Secateur;
			productName = Secateur;
			productReference = E5BD7FD21973899F00A45D30 /* Secateur.app */;
			productType = "com.apple.product-type.application";
		};
		E5BD7FF51973899F00A45D30 /* SecateurTests */ = {
			isa = PBXNativeTarget;
			buildConfigurationList = E5BD80091973899F00A45D30 /* Build configuration list for PBXNativeTarget "SecateurTests" */;
			buildPhases = (
				E5BD7FF21973899F00A45D30 /* Sources */,
				E5BD7FF31973899F00A45D30 /* Frameworks */,
				E5BD7FF41973899F00A45D30 /* Resources */,
			);
			buildRules = (
			);
			dependencies = (
				E5BD7FFB1973899F00A45D30 /* PBXTargetDependency */,
			);
			name = SecateurTests;
			productName = SecateurTests;
			productReference = E5BD7FF61973899F00A45D30 /* SecateurTests.xctest */;
			productType = "com.apple.product-type.bundle.unit-test";
		};
/* End PBXNativeTarget section */

/* Begin PBXProject section */
		E5BD7FCA1973899F00A45D30 /* Project object */ = {
			isa = PBXProject;
			attributes = {
				CLASSPREFIX = DRH;
				LastUpgradeCheck = 0510;
				ORGANIZATIONNAME = "Dead Rubber Hand";
				TargetAttributes = {
					E5BD7FF51973899F00A45D30 = {
						TestTargetID = E5BD7FD11973899F00A45D30;
					};
				};
			};
			buildConfigurationList = E5BD7FCD1973899F00A45D30 /* Build configuration list for PBXProject "Secateur" */;
			compatibilityVersion = "Xcode 3.2";
			developmentRegion = English;
			hasScannedForEncodings = 0;
			knownRegions = (
				en,
				Base,
			);
			mainGroup = E5BD7FC91973899F00A45D30;
			productRefGroup = E5BD7FD31973899F00A45D30 /* Products */;
			projectDirPath = "";
			projectRoot = "";
			targets = (
				E5BD7FD11973899F00A45D30 /* Secateur */,
				E5BD7FF51973899F00A45D30 /* SecateurTests */,
			);
		};
/* End PBXProject section */

/* Begin PBXResourcesBuildPhase section */
		E5BD7FD01973899F00A45D30 /* Resources */ = {
			isa = PBXResourcesBuildPhase;
			buildActionMask = 2147483647;
			files = (
				E553980C197F676A00E4A10B /* toDo.rtf in Resources */,
				E553980F197F681800E4A10B /* LICENSE.md in Resources */,
				E5539810197F681800E4A10B /* README.md in Resources */,
				E5BD7FEC1973899F00A45D30 /* DRHSecateurDocument.xib in Resources */,
				E5BD7FF11973899F00A45D30 /* Images.xcassets in Resources */,
				E5939B531977709000E4082E /* DRHSecateurEditingView.xib in Resources */,
				E5BD7FE01973899F00A45D30 /* InfoPlist.strings in Resources */,
				E5BD7FE61973899F00A45D30 /* Credits.rtf in Resources */,
				E5BD7FEF1973899F00A45D30 /* MainMenu.xib in Resources */,
				E5939B58197775AE00E4082E /* DRHSecateurDisplayView.xib in Resources */,
			);
			runOnlyForDeploymentPostprocessing = 0;
		};
		E5BD7FF41973899F00A45D30 /* Resources */ = {
			isa = PBXResourcesBuildPhase;
			buildActionMask = 2147483647;
			files = (
				E5BD80011973899F00A45D30 /* InfoPlist.strings in Resources */,
			);
			runOnlyForDeploymentPostprocessing = 0;
		};
/* End PBXResourcesBuildPhase section */

/* Begin PBXSourcesBuildPhase section */
		E5BD7FCE1973899F00A45D30 /* Sources */ = {
			isa = PBXSourcesBuildPhase;
			buildActionMask = 2147483647;
			files = (
				E54853041982082A00868C2A /* DRHPottingHistoryItem.m in Sources */,
				E579C5C9198B3F7F00F692C4 /* DRHGalleryItem.m in Sources */,
				E5939B57197775AE00E4082E /* DRHSecateurDisplayViewController.m in Sources */,
				E5C7B6A91974CF52009EB09B /* DRHSecateurTree.m in Sources */,
				E5B6B8F71990881700D46FBA /* DRHSecateurDelegate.m in Sources */,
				E5BD7FE21973899F00A45D30 /* main.m in Sources */,
				E5939B521977709000E4082E /* DRHSecateurEditingViewController.m in Sources */,
				E5B6B8F419907CAD00D46FBA /* DRHSecateurDisplayView.m in Sources */,
				E5BD7FE91973899F00A45D30 /* DRHSecateurDocument.m in Sources */,
			);
			runOnlyForDeploymentPostprocessing = 0;
		};
		E5BD7FF21973899F00A45D30 /* Sources */ = {
			isa = PBXSourcesBuildPhase;
			buildActionMask = 2147483647;
			files = (
				E5BD80031973899F00A45D30 /* SecateurTests.m in Sources */,
			);
			runOnlyForDeploymentPostprocessing = 0;
		};
/* End PBXSourcesBuildPhase section */

/* Begin PBXTargetDependency section */
		E5BD7FFB1973899F00A45D30 /* PBXTargetDependency */ = {
			isa = PBXTargetDependency;
			target = E5BD7FD11973899F00A45D30 /* Secateur */;
			targetProxy = E5BD7FFA1973899F00A45D30 /* PBXContainerItemProxy */;
		};
/* End PBXTargetDependency section */

/* Begin PBXVariantGroup section */
		E5BD7FDE1973899F00A45D30 /* InfoPlist.strings */ = {
			isa = PBXVariantGroup;
			children = (
				E5BD7FDF1973899F00A45D30 /* en */,
			);
			name = InfoPlist.strings;
			sourceTree = "<group>";
		};
		E5BD7FE41973899F00A45D30 /* Credits.rtf */ = {
			isa = PBXVariantGroup;
			children = (
				E5BD7FE51973899F00A45D30 /* en */,
			);
			name = Credits.rtf;
			sourceTree = "<group>";
		};
		E5BD7FEA1973899F00A45D30 /* DRHSecateurDocument.xib */ = {
			isa = PBXVariantGroup;
			children = (
				E5BD7FEB1973899F00A45D30 /* Base */,
			);
			name = DRHSecateurDocument.xib;
			sourceTree = "<group>";
		};
		E5BD7FED1973899F00A45D30 /* MainMenu.xib */ = {
			isa = PBXVariantGroup;
			children = (
				E5BD7FEE1973899F00A45D30 /* Base */,
			);
			name = MainMenu.xib;
			sourceTree = "<group>";
		};
		E5BD7FFF1973899F00A45D30 /* InfoPlist.strings */ = {
			isa = PBXVariantGroup;
			children = (
				E5BD80001973899F00A45D30 /* en */,
			);
			name = InfoPlist.strings;
			sourceTree = "<group>";
		};
/* End PBXVariantGroup section */

/* Begin XCBuildConfiguration section */
		E5BD80041973899F00A45D30 /* Debug */ = {
			isa = XCBuildConfiguration;
			buildSettings = {
				ALWAYS_SEARCH_USER_PATHS = NO;
				CLANG_CXX_LANGUAGE_STANDARD = "gnu++0x";
				CLANG_CXX_LIBRARY = "libc++";
				CLANG_ENABLE_MODULES = YES;
				CLANG_ENABLE_OBJC_ARC = YES;
				CLANG_WARN_BOOL_CONVERSION = YES;
				CLANG_WARN_CONSTANT_CONVERSION = YES;
				CLANG_WARN_DIRECT_OBJC_ISA_USAGE = YES_ERROR;
				CLANG_WARN_EMPTY_BODY = YES;
				CLANG_WARN_ENUM_CONVERSION = YES;
				CLANG_WARN_INT_CONVERSION = YES;
				CLANG_WARN_OBJC_ROOT_CLASS = YES_ERROR;
				CLANG_WARN__DUPLICATE_METHOD_MATCH = YES;
				COPY_PHASE_STRIP = NO;
				GCC_C_LANGUAGE_STANDARD = gnu99;
				GCC_DYNAMIC_NO_PIC = NO;
				GCC_ENABLE_OBJC_EXCEPTIONS = YES;
				GCC_OPTIMIZATION_LEVEL = 0;
				GCC_PREPROCESSOR_DEFINITIONS = (
					"DEBUG=1",
					"$(inherited)",
				);
				GCC_SYMBOLS_PRIVATE_EXTERN = NO;
				GCC_WARN_64_TO_32_BIT_CONVERSION = YES;
				GCC_WARN_ABOUT_RETURN_TYPE = YES_ERROR;
				GCC_WARN_UNDECLARED_SELECTOR = YES;
				GCC_WARN_UNINITIALIZED_AUTOS = YES_AGGRESSIVE;
				GCC_WARN_UNUSED_FUNCTION = YES;
				GCC_WARN_UNUSED_VARIABLE = YES;
				MACOSX_DEPLOYMENT_TARGET = 10.9;
				ONLY_ACTIVE_ARCH = YES;
				SDKROOT = macosx;
			};
			name = Debug;
		};
		E5BD80051973899F00A45D30 /* Release */ = {
			isa = XCBuildConfiguration;
			buildSettings = {
				ALWAYS_SEARCH_USER_PATHS = NO;
				CLANG_CXX_LANGUAGE_STANDARD = "gnu++0x";
				CLANG_CXX_LIBRARY = "libc++";
				CLANG_ENABLE_MODULES = YES;
				CLANG_ENABLE_OBJC_ARC = YES;
				CLANG_WARN_BOOL_CONVERSION = YES;
				CLANG_WARN_CONSTANT_CONVERSION = YES;
				CLANG_WARN_DIRECT_OBJC_ISA_USAGE = YES_ERROR;
				CLANG_WARN_EMPTY_BODY = YES;
				CLANG_WARN_ENUM_CONVERSION = YES;
				CLANG_WARN_INT_CONVERSION = YES;
				CLANG_WARN_OBJC_ROOT_CLASS = YES_ERROR;
				CLANG_WARN__DUPLICATE_METHOD_MATCH = YES;
				COPY_PHASE_STRIP = YES;
				DEBUG_INFORMATION_FORMAT = "dwarf-with-dsym";
				ENABLE_NS_ASSERTIONS = NO;
				GCC_C_LANGUAGE_STANDARD = gnu99;
				GCC_ENABLE_OBJC_EXCEPTIONS = YES;
				GCC_WARN_64_TO_32_BIT_CONVERSION = YES;
				GCC_WARN_ABOUT_RETURN_TYPE = YES_ERROR;
				GCC_WARN_UNDECLARED_SELECTOR = YES;
				GCC_WARN_UNINITIALIZED_AUTOS = YES_AGGRESSIVE;
				GCC_WARN_UNUSED_FUNCTION = YES;
				GCC_WARN_UNUSED_VARIABLE = YES;
				MACOSX_DEPLOYMENT_TARGET = 10.9;
				SDKROOT = macosx;
			};
			name = Release;
		};
		E5BD80071973899F00A45D30 /* Debug */ = {
			isa = XCBuildConfiguration;
			buildSettings = {
				ASSETCATALOG_COMPILER_APPICON_NAME = AppIcon;
				COMBINE_HIDPI_IMAGES = YES;
				GCC_PRECOMPILE_PREFIX_HEADER = YES;
				GCC_PREFIX_HEADER = "Secateur/Secateur-Prefix.pch";
				INFOPLIST_FILE = "Secateur/Secateur-Info.plist";
				PRODUCT_NAME = "$(TARGET_NAME)";
				WRAPPER_EXTENSION = app;
			};
			name = Debug;
		};
		E5BD80081973899F00A45D30 /* Release */ = {
			isa = XCBuildConfiguration;
			buildSettings = {
				ASSETCATALOG_COMPILER_APPICON_NAME = AppIcon;
				COMBINE_HIDPI_IMAGES = YES;
				GCC_PRECOMPILE_PREFIX_HEADER = YES;
				GCC_PREFIX_HEADER = "Secateur/Secateur-Prefix.pch";
				INFOPLIST_FILE = "Secateur/Secateur-Info.plist";
				PRODUCT_NAME = "$(TARGET_NAME)";
				WRAPPER_EXTENSION = app;
			};
			name = Release;
		};
		E5BD800A1973899F00A45D30 /* Debug */ = {
			isa = XCBuildConfiguration;
			buildSettings = {
				BUNDLE_LOADER = "$(BUILT_PRODUCTS_DIR)/Secateur.app/Contents/MacOS/Secateur";
				COMBINE_HIDPI_IMAGES = YES;
				FRAMEWORK_SEARCH_PATHS = (
					"$(DEVELOPER_FRAMEWORKS_DIR)",
					"$(inherited)",
				);
				GCC_PRECOMPILE_PREFIX_HEADER = YES;
				GCC_PREFIX_HEADER = "Secateur/Secateur-Prefix.pch";
				GCC_PREPROCESSOR_DEFINITIONS = (
					"DEBUG=1",
					"$(inherited)",
				);
				INFOPLIST_FILE = "SecateurTests/SecateurTests-Info.plist";
				PRODUCT_NAME = "$(TARGET_NAME)";
				TEST_HOST = "$(BUNDLE_LOADER)";
				WRAPPER_EXTENSION = xctest;
			};
			name = Debug;
		};
		E5BD800B1973899F00A45D30 /* Release */ = {
			isa = XCBuildConfiguration;
			buildSettings = {
				BUNDLE_LOADER = "$(BUILT_PRODUCTS_DIR)/Secateur.app/Contents/MacOS/Secateur";
				COMBINE_HIDPI_IMAGES = YES;
				FRAMEWORK_SEARCH_PATHS = (
					"$(DEVELOPER_FRAMEWORKS_DIR)",
					"$(inherited)",
				);
				GCC_PRECOMPILE_PREFIX_HEADER = YES;
				GCC_PREFIX_HEADER = "Secateur/Secateur-Prefix.pch";
				INFOPLIST_FILE = "SecateurTests/SecateurTests-Info.plist";
				PRODUCT_NAME = "$(TARGET_NAME)";
				TEST_HOST = "$(BUNDLE_LOADER)";
				WRAPPER_EXTENSION = xctest;
			};
			name = Release;
		};
/* End XCBuildConfiguration section */

/* Begin XCConfigurationList section */
		E5BD7FCD1973899F00A45D30 /* Build configuration list for PBXProject "Secateur" */ = {
			isa = XCConfigurationList;
			buildConfigurations = (
				E5BD80041973899F00A45D30 /* Debug */,
				E5BD80051973899F00A45D30 /* Release */,
			);
			defaultConfigurationIsVisible = 0;
			defaultConfigurationName = Release;
		};
		E5BD80061973899F00A45D30 /* Build configuration list for PBXNativeTarget "Secateur" */ = {
			isa = XCConfigurationList;
			buildConfigurations = (
				E5BD80071973899F00A45D30 /* Debug */,
				E5BD80081973899F00A45D30 /* Release */,
			);
			defaultConfigurationIsVisible = 0;
			defaultConfigurationName = Release;
		};
		E5BD80091973899F00A45D30 /* Build configuration list for PBXNativeTarget "SecateurTests" */ = {
			isa = XCConfigurationList;
			buildConfigurations = (
				E5BD800A1973899F00A45D30 /* Debug */,
				E5BD800B1973899F00A45D30 /* Release */,
			);
			defaultConfigurationIsVisible = 0;
			defaultConfigurationName = Release;
		};
/* End XCConfigurationList section */
	};
	rootObject = E5BD7FCA1973899F00A45D30 /* Project object */;
}
